// !$*UTF8*$!
{
	archiveVersion = 1;
	classes = {
	};
	objectVersion = 46;
	objects = {

/* Begin PBXBuildFile section */
		B925D5EF1F6FA77300A3948A /* main.m in Sources */ = {isa = PBXBuildFile; fileRef = B925D5EE1F6FA77300A3948A /* main.m */; };
		B925D5F21F6FA77300A3948A /* AppDelegate.m in Sources */ = {isa = PBXBuildFile; fileRef = B925D5F11F6FA77300A3948A /* AppDelegate.m */; };
		B925D5F51F6FA77300A3948A /* ViewController.m in Sources */ = {isa = PBXBuildFile; fileRef = B925D5F41F6FA77300A3948A /* ViewController.m */; };
		B925D5F81F6FA77300A3948A /* Main.storyboard in Resources */ = {isa = PBXBuildFile; fileRef = B925D5F61F6FA77300A3948A /* Main.storyboard */; };
		B925D5FA1F6FA77300A3948A /* Assets.xcassets in Resources */ = {isa = PBXBuildFile; fileRef = B925D5F91F6FA77300A3948A /* Assets.xcassets */; };
		B925D5FD1F6FA77300A3948A /* LaunchScreen.storyboard in Resources */ = {isa = PBXBuildFile; fileRef = B925D5FB1F6FA77300A3948A /* LaunchScreen.storyboard */; };
		B925D6081F6FA77300A3948A /* AddNewTextfieldTests.m in Sources */ = {isa = PBXBuildFile; fileRef = B925D6071F6FA77300A3948A /* AddNewTextfieldTests.m */; };
		B925D6131F6FA77300A3948A /* AddNewTextfieldUITests.m in Sources */ = {isa = PBXBuildFile; fileRef = B925D6121F6FA77300A3948A /* AddNewTextfieldUITests.m */; };
		B925D6231F6FA7DD00A3948A /* HggButtonAddView.m in Sources */ = {isa = PBXBuildFile; fileRef = B925D6221F6FA7DD00A3948A /* HggButtonAddView.m */; };
/* End PBXBuildFile section */

/* Begin PBXContainerItemProxy section */
		B925D6041F6FA77300A3948A /* PBXContainerItemProxy */ = {
			isa = PBXContainerItemProxy;
			containerPortal = B925D5E21F6FA77300A3948A /* Project object */;
			proxyType = 1;
			remoteGlobalIDString = B925D5E91F6FA77300A3948A;
			remoteInfo = AddNewTextfield;
		};
		B925D60F1F6FA77300A3948A /* PBXContainerItemProxy */ = {
			isa = PBXContainerItemProxy;
			containerPortal = B925D5E21F6FA77300A3948A /* Project object */;
			proxyType = 1;
			remoteGlobalIDString = B925D5E91F6FA77300A3948A;
			remoteInfo = AddNewTextfield;
		};
/* End PBXContainerItemProxy section */

/* Begin PBXFileReference section */
		B925D5EA1F6FA77300A3948A /* AddNewTextfield.app */ = {isa = PBXFileReference; explicitFileType = wrapper.application; includeInIndex = 0; path = AddNewTextfield.app; sourceTree = BUILT_PRODUCTS_DIR; };
		B925D5EE1F6FA77300A3948A /* main.m */ = {isa = PBXFileReference; lastKnownFileType = sourcecode.c.objc; path = main.m; sourceTree = "<group>"; };
		B925D5F01F6FA77300A3948A /* AppDelegate.h */ = {isa = PBXFileReference; lastKnownFileType = sourcecode.c.h; path = AppDelegate.h; sourceTree = "<group>"; };
		B925D5F11F6FA77300A3948A /* AppDelegate.m */ = {isa = PBXFileReference; lastKnownFileType = sourcecode.c.objc; path = AppDelegate.m; sourceTree = "<group>"; };
		B925D5F31F6FA77300A3948A /* ViewController.h */ = {isa = PBXFileReference; lastKnownFileType = sourcecode.c.h; path = ViewController.h; sourceTree = "<group>"; };
		B925D5F41F6FA77300A3948A /* ViewController.m */ = {isa = PBXFileReference; lastKnownFileType = sourcecode.c.objc; path = ViewController.m; sourceTree = "<group>"; };
		B925D5F71F6FA77300A3948A /* Base */ = {isa = PBXFileReference; lastKnownFileType = file.storyboard; name = Base; path = Base.lproj/Main.storyboard; sourceTree = "<group>"; };
		B925D5F91F6FA77300A3948A /* Assets.xcassets */ = {isa = PBXFileReference; lastKnownFileType = folder.assetcatalog; path = Assets.xcassets; sourceTree = "<group>"; };
		B925D5FC1F6FA77300A3948A /* Base */ = {isa = PBXFileReference; lastKnownFileType = file.storyboard; name = Base; path = Base.lproj/LaunchScreen.storyboard; sourceTree = "<group>"; };
		B925D5FE1F6FA77300A3948A /* Info.plist */ = {isa = PBXFileReference; lastKnownFileType = text.plist.xml; path = Info.plist; sourceTree = "<group>"; };
		B925D6031F6FA77300A3948A /* AddNewTextfieldTests.xctest */ = {isa = PBXFileReference; explicitFileType = wrapper.cfbundle; includeInIndex = 0; path = AddNewTextfieldTests.xctest; sourceTree = BUILT_PRODUCTS_DIR; };
		B925D6071F6FA77300A3948A /* AddNewTextfieldTests.m */ = {isa = PBXFileReference; lastKnownFileType = sourcecode.c.objc; path = AddNewTextfieldTests.m; sourceTree = "<group>"; };
		B925D6091F6FA77300A3948A /* Info.plist */ = {isa = PBXFileReference; lastKnownFileType = text.plist.xml; path = Info.plist; sourceTree = "<group>"; };
		B925D60E1F6FA77300A3948A /* AddNewTextfieldUITests.xctest */ = {isa = PBXFileReference; explicitFileType = wrapper.cfbundle; includeInIndex = 0; path = AddNewTextfieldUITests.xctest; sourceTree = BUILT_PRODUCTS_DIR; };
		B925D6121F6FA77300A3948A /* AddNewTextfieldUITests.m */ = {isa = PBXFileReference; lastKnownFileType = sourcecode.c.objc; path = AddNewTextfieldUITests.m; sourceTree = "<group>"; };
		B925D6141F6FA77300A3948A /* Info.plist */ = {isa = PBXFileReference; lastKnownFileType = text.plist.xml; path = Info.plist; sourceTree = "<group>"; };
		B925D6211F6FA7DD00A3948A /* HggButtonAddView.h */ = {isa = PBXFileReference; fileEncoding = 4; lastKnownFileType = sourcecode.c.h; path = HggButtonAddView.h; sourceTree = "<group>"; };
		B925D6221F6FA7DD00A3948A /* HggButtonAddView.m */ = {isa = PBXFileReference; fileEncoding = 4; lastKnownFileType = sourcecode.c.objc; path = HggButtonAddView.m; sourceTree = "<group>"; };
/* End PBXFileReference section */

/* Begin PBXFrameworksBuildPhase section */
		B925D5E71F6FA77300A3948A /* Frameworks */ = {
			isa = PBXFrameworksBuildPhase;
			buildActionMask = 2147483647;
			files = (
			);
			runOnlyForDeploymentPostprocessing = 0;
		};
		B925D6001F6FA77300A3948A /* Frameworks */ = {
			isa = PBXFrameworksBuildPhase;
			buildActionMask = 2147483647;
			files = (
			);
			runOnlyForDeploymentPostprocessing = 0;
		};
		B925D60B1F6FA77300A3948A /* Frameworks */ = {
			isa = PBXFrameworksBuildPhase;
			buildActionMask = 2147483647;
			files = (
			);
			runOnlyForDeploymentPostprocessing = 0;
		};
/* End PBXFrameworksBuildPhase section */

/* Begin PBXGroup section */
		B925D5E11F6FA77300A3948A = {
			isa = PBXGroup;
			children = (
				B925D5EC1F6FA77300A3948A /* AddNewTextfield */,
				B925D6061F6FA77300A3948A /* AddNewTextfieldTests */,
				B925D6111F6FA77300A3948A /* AddNewTextfieldUITests */,
				B925D5EB1F6FA77300A3948A /* Products */,
			);
			sourceTree = "<group>";
		};
		B925D5EB1F6FA77300A3948A /* Products */ = {
			isa = PBXGroup;
			children = (
				B925D5EA1F6FA77300A3948A /* AddNewTextfield.app */,
				B925D6031F6FA77300A3948A /* AddNewTextfieldTests.xctest */,
				B925D60E1F6FA77300A3948A /* AddNewTextfieldUITests.xctest */,
			);
			name = Products;
			sourceTree = "<group>";
		};
		B925D5EC1F6FA77300A3948A /* AddNewTextfield */ = {
			isa = PBXGroup;
			children = (
				B925D6201F6FA7C200A3948A /* View */,
				B925D5F01F6FA77300A3948A /* AppDelegate.h */,
				B925D5F11F6FA77300A3948A /* AppDelegate.m */,
				B925D5F31F6FA77300A3948A /* ViewController.h */,
				B925D5F41F6FA77300A3948A /* ViewController.m */,
				B925D5F61F6FA77300A3948A /* Main.storyboard */,
				B925D5F91F6FA77300A3948A /* Assets.xcassets */,
				B925D5FB1F6FA77300A3948A /* LaunchScreen.storyboard */,
				B925D5FE1F6FA77300A3948A /* Info.plist */,
				B925D5ED1F6FA77300A3948A /* Supporting Files */,
			);
			path = AddNewTextfield;
			sourceTree = "<group>";
		};
		B925D5ED1F6FA77300A3948A /* Supporting Files */ = {
			isa = PBXGroup;
			children = (
				B925D5EE1F6FA77300A3948A /* main.m */,
			);
			name = "Supporting Files";
			sourceTree = "<group>";
		};
		B925D6061F6FA77300A3948A /* AddNewTextfieldTests */ = {
			isa = PBXGroup;
			children = (
				B925D6071F6FA77300A3948A /* AddNewTextfieldTests.m */,
				B925D6091F6FA77300A3948A /* Info.plist */,
			);
			path = AddNewTextfieldTests;
			sourceTree = "<group>";
		};
		B925D6111F6FA77300A3948A /* AddNewTextfieldUITests */ = {
			isa = PBXGroup;
			children = (
				B925D6121F6FA77300A3948A /* AddNewTextfieldUITests.m */,
				B925D6141F6FA77300A3948A /* Info.plist */,
			);
			path = AddNewTextfieldUITests;
			sourceTree = "<group>";
		};
		B925D6201F6FA7C200A3948A /* View */ = {
			isa = PBXGroup;
			children = (
				B925D6211F6FA7DD00A3948A /* HggButtonAddView.h */,
				B925D6221F6FA7DD00A3948A /* HggButtonAddView.m */,
			);
			name = View;
			sourceTree = "<group>";
		};
/* End PBXGroup section */

/* Begin PBXNativeTarget section */
		B925D5E91F6FA77300A3948A /* AddNewTextfield */ = {
			isa = PBXNativeTarget;
			buildConfigurationList = B925D6171F6FA77300A3948A /* Build configuration list for PBXNativeTarget "AddNewTextfield" */;
			buildPhases = (
				B925D5E61F6FA77300A3948A /* Sources */,
				B925D5E71F6FA77300A3948A /* Frameworks */,
				B925D5E81F6FA77300A3948A /* Resources */,
			);
			buildRules = (
			);
			dependencies = (
			);
			name = AddNewTextfield;
			productName = AddNewTextfield;
			productReference = B925D5EA1F6FA77300A3948A /* AddNewTextfield.app */;
			productType = "com.apple.product-type.application";
		};
		B925D6021F6FA77300A3948A /* AddNewTextfieldTests */ = {
			isa = PBXNativeTarget;
			buildConfigurationList = B925D61A1F6FA77300A3948A /* Build configuration list for PBXNativeTarget "AddNewTextfieldTests" */;
			buildPhases = (
				B925D5FF1F6FA77300A3948A /* Sources */,
				B925D6001F6FA77300A3948A /* Frameworks */,
				B925D6011F6FA77300A3948A /* Resources */,
			);
			buildRules = (
			);
			dependencies = (
				B925D6051F6FA77300A3948A /* PBXTargetDependency */,
			);
			name = AddNewTextfieldTests;
			productName = AddNewTextfieldTests;
			productReference = B925D6031F6FA77300A3948A /* AddNewTextfieldTests.xctest */;
			productType = "com.apple.product-type.bundle.unit-test";
		};
		B925D60D1F6FA77300A3948A /* AddNewTextfieldUITests */ = {
			isa = PBXNativeTarget;
			buildConfigurationList = B925D61D1F6FA77300A3948A /* Build configuration list for PBXNativeTarget "AddNewTextfieldUITests" */;
			buildPhases = (
				B925D60A1F6FA77300A3948A /* Sources */,
				B925D60B1F6FA77300A3948A /* Frameworks */,
				B925D60C1F6FA77300A3948A /* Resources */,
			);
			buildRules = (
			);
			dependencies = (
				B925D6101F6FA77300A3948A /* PBXTargetDependency */,
			);
			name = AddNewTextfieldUITests;
			productName = AddNewTextfieldUITests;
			productReference = B925D60E1F6FA77300A3948A /* AddNewTextfieldUITests.xctest */;
			productType = "com.apple.product-type.bundle.ui-testing";
		};
/* End PBXNativeTarget section */

/* Begin PBXProject section */
		B925D5E21F6FA77300A3948A /* Project object */ = {
			isa = PBXProject;
			attributes = {
				LastUpgradeCheck = 0820;
				ORGANIZATIONNAME = jinshuaier;
				TargetAttributes = {
					B925D5E91F6FA77300A3948A = {
						CreatedOnToolsVersion = 8.2.1;
						ProvisioningStyle = Automatic;
					};
					B925D6021F6FA77300A3948A = {
						CreatedOnToolsVersion = 8.2.1;
						ProvisioningStyle = Automatic;
						TestTargetID = B925D5E91F6FA77300A3948A;
					};
					B925D60D1F6FA77300A3948A = {
						CreatedOnToolsVersion = 8.2.1;
						ProvisioningStyle = Automatic;
						TestTargetID = B925D5E91F6FA77300A3948A;
					};
				};
			};
			buildConfigurationList = B925D5E51F6FA77300A3948A /* Build configuration list for PBXProject "AddNewTextfield" */;
			compatibilityVersion = "Xcode 3.2";
			developmentRegion = English;
			hasScannedForEncodings = 0;
			knownRegions = (
				en,
				Base,
			);
			mainGroup = B925D5E11F6FA77300A3948A;
			productRefGroup = B925D5EB1F6FA77300A3948A /* Products */;
			projectDirPath = "";
			projectRoot = "";
			targets = (
				B925D5E91F6FA77300A3948A /* AddNewTextfield */,
				B925D6021F6FA77300A3948A /* AddNewTextfieldTests */,
				B925D60D1F6FA77300A3948A /* AddNewTextfieldUITests */,
			);
		};
/* End PBXProject section */

/* Begin PBXResourcesBuildPhase section */
		B925D5E81F6FA77300A3948A /* Resources */ = {
			isa = PBXResourcesBuildPhase;
			buildActionMask = 2147483647;
			files = (
				B925D5FD1F6FA77300A3948A /* LaunchScreen.storyboard in Resources */,
				B925D5FA1F6FA77300A3948A /* Assets.xcassets in Resources */,
				B925D5F81F6FA77300A3948A /* Main.storyboard in Resources */,
			);
			runOnlyForDeploymentPostprocessing = 0;
		};
		B925D6011F6FA77300A3948A /* Resources */ = {
			isa = PBXResourcesBuildPhase;
			buildActionMask = 2147483647;
			files = (
			);
			runOnlyForDeploymentPostprocessing = 0;
		};
		B925D60C1F6FA77300A3948A /* Resources */ = {
			isa = PBXResourcesBuildPhase;
			buildActionMask = 2147483647;
			files = (
			);
			runOnlyForDeploymentPostprocessing = 0;
		};
/* End PBXResourcesBuildPhase section */

/* Begin PBXSourcesBuildPhase section */
		B925D5E61F6FA77300A3948A /* Sources */ = {
			isa = PBXSourcesBuildPhase;
			buildActionMask = 2147483647;
			files = (
				B925D5F51F6FA77300A3948A /* ViewController.m in Sources */,
				B925D5F21F6FA77300A3948A /* AppDelegate.m in Sources */,
				B925D5EF1F6FA77300A3948A /* main.m in Sources */,
				B925D6231F6FA7DD00A3948A /* HggButtonAddView.m in Sources */,
			);
			runOnlyForDeploymentPostprocessing = 0;
		};
		B925D5FF1F6FA77300A3948A /* Sources */ = {
			isa = PBXSourcesBuildPhase;
			buildActionMask = 2147483647;
			files = (
				B925D6081F6FA77300A3948A /* AddNewTextfieldTests.m in Sources */,
			);
			runOnlyForDeploymentPostprocessing = 0;
		};
		B925D60A1F6FA77300A3948A /* Sources */ = {
			isa = PBXSourcesBuildPhase;
			buildActionMask = 2147483647;
			files = (
				B925D6131F6FA77300A3948A /* AddNewTextfieldUITests.m in Sources */,
			);
			runOnlyForDeploymentPostprocessing = 0;
		};
/* End PBXSourcesBuildPhase section */

/* Begin PBXTargetDependency section */
		B925D6051F6FA77300A3948A /* PBXTargetDependency */ = {
			isa = PBXTargetDependency;
			target = B925D5E91F6FA77300A3948A /* AddNewTextfield */;
			targetProxy = B925D6041F6FA77300A3948A /* PBXContainerItemProxy */;
		};
		B925D6101F6FA77300A3948A /* PBXTargetDependency */ = {
			isa = PBXTargetDependency;
			target = B925D5E91F6FA77300A3948A /* AddNewTextfield */;
			targetProxy = B925D60F1F6FA77300A3948A /* PBXContainerItemProxy */;
		};
/* End PBXTargetDependency section */

/* Begin PBXVariantGroup section */
		B925D5F61F6FA77300A3948A /* Main.storyboard */ = {
			isa = PBXVariantGroup;
			children = (
				B925D5F71F6FA77300A3948A /* Base */,
			);
			name = Main.storyboard;
			sourceTree = "<group>";
		};
		B925D5FB1F6FA77300A3948A /* LaunchScreen.storyboard */ = {
			isa = PBXVariantGroup;
			children = (
				B925D5FC1F6FA77300A3948A /* Base */,
			);
			name = LaunchScreen.storyboard;
			sourceTree = "<group>";
		};
/* End PBXVariantGroup section */

/* Begin XCBuildConfiguration section */
		B925D6151F6FA77300A3948A /* Debug */ = {
			isa = XCBuildConfiguration;
			buildSettings = {
				ALWAYS_SEARCH_USER_PATHS = NO;
				CLANG_ANALYZER_NONNULL = YES;
				CLANG_CXX_LANGUAGE_STANDARD = "gnu++0x";
				CLANG_CXX_LIBRARY = "libc++";
				CLANG_ENABLE_MODULES = YES;
				CLANG_ENABLE_OBJC_ARC = YES;
				CLANG_WARN_BOOL_CONVERSION = YES;
				CLANG_WARN_CONSTANT_CONVERSION = YES;
				CLANG_WARN_DIRECT_OBJC_ISA_USAGE = YES_ERROR;
				CLANG_WARN_DOCUMENTATION_COMMENTS = YES;
				CLANG_WARN_EMPTY_BODY = YES;
				CLANG_WARN_ENUM_CONVERSION = YES;
				CLANG_WARN_INFINITE_RECURSION = YES;
				CLANG_WARN_INT_CONVERSION = YES;
				CLANG_WARN_OBJC_ROOT_CLASS = YES_ERROR;
				CLANG_WARN_SUSPICIOUS_MOVE = YES;
				CLANG_WARN_UNREACHABLE_CODE = YES;
				CLANG_WARN__DUPLICATE_METHOD_MATCH = YES;
				"CODE_SIGN_IDENTITY[sdk=iphoneos*]" = "iPhone Developer";
				COPY_PHASE_STRIP = NO;
				DEBUG_INFORMATION_FORMAT = dwarf;
				ENABLE_STRICT_OBJC_MSGSEND = YES;
				ENABLE_TESTABILITY = YES;
				GCC_C_LANGUAGE_STANDARD = gnu99;
				GCC_DYNAMIC_NO_PIC = NO;
				GCC_NO_COMMON_BLOCKS = YES;
				GCC_OPTIMIZATION_LEVEL = 0;
				GCC_PREPROCESSOR_DEFINITIONS = (
					"DEBUG=1",
					"$(inherited)",
				);
				GCC_WARN_64_TO_32_BIT_CONVERSION = YES;
				GCC_WARN_ABOUT_RETURN_TYPE = YES_ERROR;
				GCC_WARN_UNDECLARED_SELECTOR = YES;
				GCC_WARN_UNINITIALIZED_AUTOS = YES_AGGRESSIVE;
				GCC_WARN_UNUSED_FUNCTION = YES;
				GCC_WARN_UNUSED_VARIABLE = YES;
				IPHONEOS_DEPLOYMENT_TARGET = 10.2;
				MTL_ENABLE_DEBUG_INFO = YES;
				ONLY_ACTIVE_ARCH = YES;
				SDKROOT = iphoneos;
				TARGETED_DEVICE_FAMILY = "1,2";
			};
			name = Debug;
		};
		B925D6161F6FA77300A3948A /* Release */ = {
			isa = XCBuildConfiguration;
			buildSettings = {
				ALWAYS_SEARCH_USER_PATHS = NO;
				CLANG_ANALYZER_NONNULL = YES;
				CLANG_CXX_LANGUAGE_STANDARD = "gnu++0x";
				CLANG_CXX_LIBRARY = "libc++";
				CLANG_ENABLE_MODULES = YES;
				CLANG_ENABLE_OBJC_ARC = YES;
				CLANG_WARN_BOOL_CONVERSION = YES;
				CLANG_WARN_CONSTANT_CONVERSION = YES;
				CLANG_WARN_DIRECT_OBJC_ISA_USAGE = YES_ERROR;
				CLANG_WARN_DOCUMENTATION_COMMENTS = YES;
				CLANG_WARN_EMPTY_BODY = YES;
				CLANG_WARN_ENUM_CONVERSION = YES;
				CLANG_WARN_INFINITE_RECURSION = YES;
				CLANG_WARN_INT_CONVERSION = YES;
				CLANG_WARN_OBJC_ROOT_CLASS = YES_ERROR;
				CLANG_WARN_SUSPICIOUS_MOVE = YES;
				CLANG_WARN_UNREACHABLE_CODE = YES;
				CLANG_WARN__DUPLICATE_METHOD_MATCH = YES;
				"CODE_SIGN_IDENTITY[sdk=iphoneos*]" = "iPhone Developer";
				COPY_PHASE_STRIP = NO;
				DEBUG_INFORMATION_FORMAT = "dwarf-with-dsym";
				ENABLE_NS_ASSERTIONS = NO;
				ENABLE_STRICT_OBJC_MSGSEND = YES;
				GCC_C_LANGUAGE_STANDARD = gnu99;
				GCC_NO_COMMON_BLOCKS = YES;
				GCC_WARN_64_TO_32_BIT_CONVERSION = YES;
				GCC_WARN_ABOUT_RETURN_TYPE = YES_ERROR;
				GCC_WARN_UNDECLARED_SELECTOR = YES;
				GCC_WARN_UNINITIALIZED_AUTOS = YES_AGGRESSIVE;
				GCC_WARN_UNUSED_FUNCTION = YES;
				GCC_WARN_UNUSED_VARIABLE = YES;
				IPHONEOS_DEPLOYMENT_TARGET = 10.2;
				MTL_ENABLE_DEBUG_INFO = NO;
				SDKROOT = iphoneos;
				TARGETED_DEVICE_FAMILY = "1,2";
				VALIDATE_PRODUCT = YES;
			};
			name = Release;
		};
		B925D6181F6FA77300A3948A /* Debug */ = {
			isa = XCBuildConfiguration;
			buildSettings = {
				ASSETCATALOG_COMPILER_APPICON_NAME = AppIcon;
				INFOPLIST_FILE = AddNewTextfield/Info.plist;
				LD_RUNPATH_SEARCH_PATHS = "$(inherited) @executable_path/Frameworks";
				PRODUCT_BUNDLE_IDENTIFIER = hgg.AddNewTextfield;
				PRODUCT_NAME = "$(TARGET_NAME)";
			};
			name = Debug;
		};
		B925D6191F6FA77300A3948A /* Release */ = {
			isa = XCBuildConfiguration;
			buildSettings = {
				ASSETCATALOG_COMPILER_APPICON_NAME = AppIcon;
				INFOPLIST_FILE = AddNewTextfield/Info.plist;
				LD_RUNPATH_SEARCH_PATHS = "$(inherited) @executable_path/Frameworks";
				PRODUCT_BUNDLE_IDENTIFIER = hgg.AddNewTextfield;
				PRODUCT_NAME = "$(TARGET_NAME)";
			};
			name = Release;
		};
		B925D61B1F6FA77300A3948A /* Debug */ = {
			isa = XCBuildConfiguration;
			buildSettings = {
				BUNDLE_LOADER = "$(TEST_HOST)";
				INFOPLIST_FILE = AddNewTextfieldTests/Info.plist;
				LD_RUNPATH_SEARCH_PATHS = "$(inherited) @executable_path/Frameworks @loader_path/Frameworks";
				PRODUCT_BUNDLE_IDENTIFIER = hgg.AddNewTextfieldTests;
				PRODUCT_NAME = "$(TARGET_NAME)";
				TEST_HOST = "$(BUILT_PRODUCTS_DIR)/AddNewTextfield.app/AddNewTextfield";
			};
			name = Debug;
		};
		B925D61C1F6FA77300A3948A /* Release */ = {
			isa = XCBuildConfiguration;
			buildSettings = {
				BUNDLE_LOADER = "$(TEST_HOST)";
				INFOPLIST_FILE = AddNewTextfieldTests/Info.plist;
				LD_RUNPATH_SEARCH_PATHS = "$(inherited) @executable_path/Frameworks @loader_path/Frameworks";
				PRODUCT_BUNDLE_IDENTIFIER = hgg.AddNewTextfieldTests;
				PRODUCT_NAME = "$(TARGET_NAME)";
				TEST_HOST = "$(BUILT_PRODUCTS_DIR)/AddNewTextfield.app/AddNewTextfield";
			};
			name = Release;
		};
		B925D61E1F6FA77300A3948A /* Debug */ = {
			isa = XCBuildConfiguration;
			buildSettings = {
				INFOPLIST_FILE = AddNewTextfieldUITests/Info.plist;
				LD_RUNPATH_SEARCH_PATHS = "$(inherited) @executable_path/Frameworks @loader_path/Frameworks";
				PRODUCT_BUNDLE_IDENTIFIER = hgg.AddNewTextfieldUITests;
				PRODUCT_NAME = "$(TARGET_NAME)";
				TEST_TARGET_NAME = AddNewTextfield;
			};
			name = Debug;
		};
		B925D61F1F6FA77300A3948A /* Release */ = {
			isa = XCBuildConfiguration;
			buildSettings = {
				INFOPLIST_FILE = AddNewTextfieldUITests/Info.plist;
				LD_RUNPATH_SEARCH_PATHS = "$(inherited) @executable_path/Frameworks @loader_path/Frameworks";
				PRODUCT_BUNDLE_IDENTIFIER = hgg.AddNewTextfieldUITests;
				PRODUCT_NAME = "$(TARGET_NAME)";
				TEST_TARGET_NAME = AddNewTextfield;
			};
			name = Release;
		};
/* End XCBuildConfiguration section */

/* Begin XCConfigurationList section */
		B925D5E51F6FA77300A3948A /* Build configuration list for PBXProject "AddNewTextfield" */ = {
			isa = XCConfigurationList;
			buildConfigurations = (
				B925D6151F6FA77300A3948A /* Debug */,
				B925D6161F6FA77300A3948A /* Release */,
			);
			defaultConfigurationIsVisible = 0;
			defaultConfigurationName = Release;
		};
		B925D6171F6FA77300A3948A /* Build configuration list for PBXNativeTarget "AddNewTextfield" */ = {
			isa = XCConfigurationList;
			buildConfigurations = (
				B925D6181F6FA77300A3948A /* Debug */,
				B925D6191F6FA77300A3948A /* Release */,
			);
			defaultConfigurationIsVisible = 0;
		};
		B925D61A1F6FA77300A3948A /* Build configuration list for PBXNativeTarget "AddNewTextfieldTests" */ = {
			isa = XCConfigurationList;
			buildConfigurations = (
				B925D61B1F6FA77300A3948A /* Debug */,
				B925D61C1F6FA77300A3948A /* Release */,
			);
			defaultConfigurationIsVisible = 0;
		};
		B925D61D1F6FA77300A3948A /* Build configuration list for PBXNativeTarget "AddNewTextfieldUITests" */ = {
			isa = XCConfigurationList;
			buildConfigurations = (
				B925D61E1F6FA77300A3948A /* Debug */,
				B925D61F1F6FA77300A3948A /* Release */,
			);
			defaultConfigurationIsVisible = 0;
		};
/* End XCConfigurationList section */
	};
	rootObject = B925D5E21F6FA77300A3948A /* Project object */;
}
